
Microsoft Visual Studio Solution File, Format Version 12.00
# Visual Studio Version 16
VisualStudioVersion = 16.0.29519.87
MinimumVisualStudioVersion = 10.0.40219.1
Project("{9A19103F-16F7-4668-BE54-9A1E7A4F7556}") = "LibreriasJuego", "LibreriasJuego\LibreriasJuego.csproj", "{4A88D9B9-DFE6-41F7-94C8-650349F9759C}"
EndProject
Project("{9A19103F-16F7-4668-BE54-9A1E7A4F7556}") = "PruebasLibreria", "PruebasLibreria\PruebasLibreria.csproj", "{265DFDDB-44B9-483A-A60C-491C5427FE9E}"
	ProjectSection(ProjectDependencies) = postProject
		{4A88D9B9-DFE6-41F7-94C8-650349F9759C} = {4A88D9B9-DFE6-41F7-94C8-650349F9759C}
	EndProjectSection
EndProject
Project("{FAE04EC0-301F-11D3-BF4B-00C04F79EFBC}") = "InterfazJuegoCore", "InterfazJuegoCore\InterfazJuegoCore.csproj", "{906C4A92-48A5-4F58-AA38-6577C0A31DCF}"
EndProject
Project("{FAE04EC0-301F-11D3-BF4B-00C04F79EFBC}") = "InterfazLibreria", "InterfazLibreria\InterfazLibreria.csproj", "{ED75C48E-38F6-4228-A7FA-0AF3F5ABF53C}"
EndProject
Project("{FAE04EC0-301F-11D3-BF4B-00C04F79EFBC}") = "BaseDatosJugadoresFichero", "BaseDatosJugadoresFichero\BaseDatosJugadoresFichero.csproj", "{F3138791-3653-471B-A4E9-EF5E4E77020E}"
EndProject
Project("{FAE04EC0-301F-11D3-BF4B-00C04F79EFBC}") = "BaseDatosGeograficaFichero", "BaseDatosGeograficaFichero\BaseDatosGeograficaFichero.csproj", "{781EE79F-E91A-434A-A397-2D7668BCFAB6}"
EndProject
Global
	GlobalSection(SolutionConfigurationPlatforms) = preSolution
		Debug|Any CPU = Debug|Any CPU
		Release|Any CPU = Release|Any CPU
	EndGlobalSection
	GlobalSection(ProjectConfigurationPlatforms) = postSolution
		{4A88D9B9-DFE6-41F7-94C8-650349F9759C}.Debug|Any CPU.ActiveCfg = Debug|Any CPU
		{4A88D9B9-DFE6-41F7-94C8-650349F9759C}.Debug|Any CPU.Build.0 = Debug|Any CPU
		{4A88D9B9-DFE6-41F7-94C8-650349F9759C}.Release|Any CPU.ActiveCfg = Release|Any CPU
		{4A88D9B9-DFE6-41F7-94C8-650349F9759C}.Release|Any CPU.Build.0 = Release|Any CPU
		{265DFDDB-44B9-483A-A60C-491C5427FE9E}.Debug|Any CPU.ActiveCfg = Debug|Any CPU
		{265DFDDB-44B9-483A-A60C-491C5427FE9E}.Debug|Any CPU.Build.0 = Debug|Any CPU
		{265DFDDB-44B9-483A-A60C-491C5427FE9E}.Release|Any CPU.ActiveCfg = Release|Any CPU
		{265DFDDB-44B9-483A-A60C-491C5427FE9E}.Release|Any CPU.Build.0 = Release|Any CPU
		{906C4A92-48A5-4F58-AA38-6577C0A31DCF}.Debug|Any CPU.ActiveCfg = Debug|Any CPU
		{906C4A92-48A5-4F58-AA38-6577C0A31DCF}.Debug|Any CPU.Build.0 = Debug|Any CPU
		{906C4A92-48A5-4F58-AA38-6577C0A31DCF}.Release|Any CPU.ActiveCfg = Release|Any CPU
		{906C4A92-48A5-4F58-AA38-6577C0A31DCF}.Release|Any CPU.Build.0 = Release|Any CPU
		{ED75C48E-38F6-4228-A7FA-0AF3F5ABF53C}.Debug|Any CPU.ActiveCfg = Debug|Any CPU
		{ED75C48E-38F6-4228-A7FA-0AF3F5ABF53C}.Debug|Any CPU.Build.0 = Debug|Any CPU
		{ED75C48E-38F6-4228-A7FA-0AF3F5ABF53C}.Release|Any CPU.ActiveCfg = Release|Any CPU
		{ED75C48E-38F6-4228-A7FA-0AF3F5ABF53C}.Release|Any CPU.Build.0 = Release|Any CPU
		{F3138791-3653-471B-A4E9-EF5E4E77020E}.Debug|Any CPU.ActiveCfg = Debug|Any CPU
		{F3138791-3653-471B-A4E9-EF5E4E77020E}.Debug|Any CPU.Build.0 = Debug|Any CPU
		{F3138791-3653-471B-A4E9-EF5E4E77020E}.Release|Any CPU.ActiveCfg = Release|Any CPU
		{F3138791-3653-471B-A4E9-EF5E4E77020E}.Release|Any CPU.Build.0 = Release|Any CPU
		{781EE79F-E91A-434A-A397-2D7668BCFAB6}.Debug|Any CPU.ActiveCfg = Debug|Any CPU
		{781EE79F-E91A-434A-A397-2D7668BCFAB6}.Debug|Any CPU.Build.0 = Debug|Any CPU
		{781EE79F-E91A-434A-A397-2D7668BCFAB6}.Release|Any CPU.ActiveCfg = Release|Any CPU
		{781EE79F-E91A-434A-A397-2D7668BCFAB6}.Release|Any CPU.Build.0 = Release|Any CPU
	EndGlobalSection
	GlobalSection(SolutionProperties) = preSolution
		HideSolutionNode = FALSE
	EndGlobalSection
	GlobalSection(ExtensibilityGlobals) = postSolution
		SolutionGuid = {5F2018C3-757C-47E7-8391-748B4BEA8D21}
	EndGlobalSection
EndGlobal
